
Microsoft Visual Studio Solution File, Format Version 12.00
# Visual Studio Version 17
VisualStudioVersion = 17.0.31903.59
MinimumVisualStudioVersion = 10.0.40219.1
Project("{FAE04EC0-301F-11D3-BF4B-00C04F79EFBC}") = "BffBlazorAutoRenderMode", "BffBlazorAutoRenderMode\BffBlazorAutoRenderMode.csproj", "{007A3899-9967-4CEF-B5A6-FF59689D2FE1}"
EndProject
Project("{FAE04EC0-301F-11D3-BF4B-00C04F79EFBC}") = "BffBlazorAutoRenderMode.Client", "BffBlazorAutoRenderMode.Client\BffBlazorAutoRenderMode.Client.csproj", "{A5746C70-5CB0-44E9-BB16-FFA7F4304146}"
EndProject
Global
	GlobalSection(SolutionConfigurationPlatforms) = preSolution
		Debug|Any CPU = Debug|Any CPU
		Debug|x64 = Debug|x64
		Debug|x86 = Debug|x86
		Release|Any CPU = Release|Any CPU
		Release|x64 = Release|x64
		Release|x86 = Release|x86
	EndGlobalSection
	GlobalSection(ProjectConfigurationPlatforms) = postSolution
		{007A3899-9967-4CEF-B5A6-FF59689D2FE1}.Debug|Any CPU.ActiveCfg = Debug|Any CPU
		{007A3899-9967-4CEF-B5A6-FF59689D2FE1}.Debug|Any CPU.Build.0 = Debug|Any CPU
		{007A3899-9967-4CEF-B5A6-FF59689D2FE1}.Debug|x64.ActiveCfg = Debug|Any CPU
		{007A3899-9967-4CEF-B5A6-FF59689D2FE1}.Debug|x64.Build.0 = Debug|Any CPU
		{007A3899-9967-4CEF-B5A6-FF59689D2FE1}.Debug|x86.ActiveCfg = Debug|Any CPU
		{007A3899-9967-4CEF-B5A6-FF59689D2FE1}.Debug|x86.Build.0 = Debug|Any CPU
		{007A3899-9967-4CEF-B5A6-FF59689D2FE1}.Release|Any CPU.ActiveCfg = Release|Any CPU
		{007A3899-9967-4CEF-B5A6-FF59689D2FE1}.Release|Any CPU.Build.0 = Release|Any CPU
		{007A3899-9967-4CEF-B5A6-FF59689D2FE1}.Release|x64.ActiveCfg = Release|Any CPU
		{007A3899-9967-4CEF-B5A6-FF59689D2FE1}.Release|x64.Build.0 = Release|Any CPU
		{007A3899-9967-4CEF-B5A6-FF59689D2FE1}.Release|x86.ActiveCfg = Release|Any CPU
		{007A3899-9967-4CEF-B5A6-FF59689D2FE1}.Release|x86.Build.0 = Release|Any CPU
		{A5746C70-5CB0-44E9-BB16-FFA7F4304146}.Debug|Any CPU.ActiveCfg = Debug|Any CPU
		{A5746C70-5CB0-44E9-BB16-FFA7F4304146}.Debug|Any CPU.Build.0 = Debug|Any CPU
		{A5746C70-5CB0-44E9-BB16-FFA7F4304146}.Debug|x64.ActiveCfg = Debug|Any CPU
		{A5746C70-5CB0-44E9-BB16-FFA7F4304146}.Debug|x64.Build.0 = Debug|Any CPU
		{A5746C70-5CB0-44E9-BB16-FFA7F4304146}.Debug|x86.ActiveCfg = Debug|Any CPU
		{A5746C70-5CB0-44E9-BB16-FFA7F4304146}.Debug|x86.Build.0 = Debug|Any CPU
		{A5746C70-5CB0-44E9-BB16-FFA7F4304146}.Release|Any CPU.ActiveCfg = Release|Any CPU
		{A5746C70-5CB0-44E9-BB16-FFA7F4304146}.Release|Any CPU.Build.0 = Release|Any CPU
		{A5746C70-5CB0-44E9-BB16-FFA7F4304146}.Release|x64.ActiveCfg = Release|Any CPU
		{A5746C70-5CB0-44E9-BB16-FFA7F4304146}.Release|x64.Build.0 = Release|Any CPU
		{A5746C70-5CB0-44E9-BB16-FFA7F4304146}.Release|x86.ActiveCfg = Release|Any CPU
		{A5746C70-5CB0-44E9-BB16-FFA7F4304146}.Release|x86.Build.0 = Release|Any CPU
	EndGlobalSection
	GlobalSection(SolutionProperties) = preSolution
		HideSolutionNode = FALSE
	EndGlobalSection
EndGlobal
